{
  "projects": [
    {
      "projectId": "9Vr5YWkf3w7jj6SsTcCEta",
      "version": "0.10.0",
      "dependencies": {},
      "lang": "ts",
      "fileLocks": [
        {
          "assetId": "9Vr5YWkf3w7jj6SsTcCEta",
          "type": "projectCss",
          "checksum": "e1ec850476829c38b0f9b6d4f7ac446a"
        }
      ],
      "codegenVersion": "0.0.1"
    },
    {
      "projectId": "jkU633o1Cz7HrJdwdxhVHk",
      "version": "16.10.0",
      "dependencies": {},
      "lang": "ts",
      "fileLocks": [
        {
          "assetId": "jkU633o1Cz7HrJdwdxhVHk",
          "type": "projectCss",
          "checksum": "0581d4378bb1604bb5fe3f65bb0a37de"
        }
      ],
      "codegenVersion": "0.0.1"
    },
    {
      "projectId": "ohDidvG9XsCeFumugENU3J",
      "version": "6.24.0",
      "dependencies": {},
      "lang": "ts",
      "fileLocks": [
        {
          "assetId": "ohDidvG9XsCeFumugENU3J",
          "type": "projectCss",
          "checksum": "fd83b730367fdbde2c69bc6cf31c2a3c"
        },
        {
          "assetId": "ohDidvG9XsCeFumugENU3J",
          "checksum": "de0a0e65174a6a185a8f822af51c6bdd",
          "type": "globalContexts"
        }
      ],
      "codegenVersion": "0.0.1"
    },
    {
      "projectId": "kS7YGZfVr6mU43XDQjXELc",
      "version": "0.15.0",
      "dependencies": {},
      "lang": "ts",
      "fileLocks": [
        {
          "assetId": "kS7YGZfVr6mU43XDQjXELc",
          "type": "projectCss",
          "checksum": "e1ec850476829c38b0f9b6d4f7ac446a"
        }
      ],
      "codegenVersion": "0.0.1"
    },
    {
      "projectId": "5dGW8Awro3qq8Hh5MveXLP",
      "version": "1.24.0",
      "dependencies": {},
      "lang": "ts",
      "fileLocks": [
        {
          "assetId": "5dGW8Awro3qq8Hh5MveXLP",
          "type": "projectCss",
          "checksum": "208e7308eefeffa5d03c833e22ab6f90"
        }
      ],
      "codegenVersion": "0.0.1"
    },
    {
      "projectId": "5nPYJMkHKsudqrrya3SLGq",
      "version": "21.3.0",
      "dependencies": {
        "ohDidvG9XsCeFumugENU3J": "6.24.0",
        "jkU633o1Cz7HrJdwdxhVHk": "16.10.0",
        "9Vr5YWkf3w7jj6SsTcCEta": "0.10.0"
      },
      "lang": "ts",
      "fileLocks": [
        {
          "type": "globalVariant",
          "assetId": "lBtF-LRzof4R",
          "checksum": "3e4f62d91c4e5b83b0b6b535f7f21993"
        },
        {
          "type": "globalVariant",
          "assetId": "gdgBwRVFC7MJ",
          "checksum": "9b9d3ca84d37a1928adb459a6cec0732"
        },
        {
          "assetId": "5nPYJMkHKsudqrrya3SLGq",
          "checksum": "f2abfcbbe62622a2273c55288d6fd507",
          "type": "globalContexts"
        },
        {
          "type": "renderModule",
          "assetId": "atLpM5cDTC7p",
          "checksum": "91f26ba208988cc081176a3ec672ee96"
        },
        {
          "type": "cssRules",
          "assetId": "atLpM5cDTC7p",
          "checksum": "91f26ba208988cc081176a3ec672ee96"
        },
        {
          "type": "renderModule",
          "assetId": "NxJEJ3yCzHgk",
          "checksum": "70b9a72efaf505f0720e935f3d03aa55"
        },
        {
          "type": "cssRules",
          "assetId": "NxJEJ3yCzHgk",
          "checksum": "70b9a72efaf505f0720e935f3d03aa55"
        },
        {
          "type": "renderModule",
          "assetId": "rb5_PS-3AnYe",
          "checksum": "22284a214980d28563861b919e71b170"
        },
        {
          "type": "cssRules",
          "assetId": "rb5_PS-3AnYe",
          "checksum": "22284a214980d28563861b919e71b170"
        },
        {
          "type": "renderModule",
          "assetId": "yLHiIXcGvJuv",
          "checksum": "0c426980171e56f6afcdd1668db43dae"
        },
        {
          "type": "cssRules",
          "assetId": "yLHiIXcGvJuv",
          "checksum": "0c426980171e56f6afcdd1668db43dae"
        },
        {
          "type": "renderModule",
          "assetId": "XTNsZrFRrZal",
          "checksum": "5c94df76ef3ee430319f99a1d5fdbb82"
        },
        {
          "type": "cssRules",
          "assetId": "XTNsZrFRrZal",
          "checksum": "5c94df76ef3ee430319f99a1d5fdbb82"
        },
        {
          "type": "renderModule",
          "assetId": "rjCX_w8hD0o4",
          "checksum": "3e643bd0848b98700fd3619d67915198"
        },
        {
          "type": "cssRules",
          "assetId": "rjCX_w8hD0o4",
          "checksum": "3e643bd0848b98700fd3619d67915198"
        },
        {
          "type": "renderModule",
          "assetId": "KcpCffGmy6kt",
          "checksum": "68461abe6653d1eb75258cc66fe14fec"
        },
        {
          "type": "cssRules",
          "assetId": "KcpCffGmy6kt",
          "checksum": "68461abe6653d1eb75258cc66fe14fec"
        },
        {
          "type": "renderModule",
          "assetId": "VPuDrZG7cL_L",
          "checksum": "26341325b0cc160e5431b9eb12608531"
        },
        {
          "type": "cssRules",
          "assetId": "VPuDrZG7cL_L",
          "checksum": "26341325b0cc160e5431b9eb12608531"
        },
        {
          "type": "renderModule",
          "assetId": "XOGoYay1a3bq",
          "checksum": "06255c7f4d7cf344868e3df99da07cb1"
        },
        {
          "type": "cssRules",
          "assetId": "XOGoYay1a3bq",
          "checksum": "06255c7f4d7cf344868e3df99da07cb1"
        },
        {
          "type": "renderModule",
          "assetId": "gM0_8AzGkHlf",
          "checksum": "51b63015b641e82f9f38e08f3710a1c2"
        },
        {
          "type": "cssRules",
          "assetId": "gM0_8AzGkHlf",
          "checksum": "51b63015b641e82f9f38e08f3710a1c2"
        },
        {
          "type": "icon",
          "assetId": "zqDsDkahnhrj",
          "checksum": "410d773f3c5b7c574ea1e507aada215e"
        },
        {
          "type": "icon",
          "assetId": "7wE_ApER1fJ9",
          "checksum": "797e6e79df5f5a99c7233ecc17b3707d"
        },
        {
          "type": "icon",
          "assetId": "2_kwtnaSzZgd",
          "checksum": "6c9a5577ce9a78363889e0d16514952b"
        },
        {
          "type": "icon",
          "assetId": "qLqG6TErDgjs",
          "checksum": "584e544bd4ab457ed690e1127d22696d"
        },
        {
          "type": "icon",
          "assetId": "KGAOVNOp5KFl",
          "checksum": "62ba8f89fb418a5a137013e6aa3ae0c4"
        },
        {
          "type": "icon",
          "assetId": "gKwun_EQTujt",
          "checksum": "5900a53b93879c571ad08c3d1661add4"
        },
        {
          "type": "icon",
          "assetId": "8QgUleY3Rjyy",
          "checksum": "b5f39ba42a6390eb71bfc30b72503279"
        },
        {
          "type": "icon",
          "assetId": "AhKE7oDbzh6k",
          "checksum": "8854c8a0257572e8e0b9ffa812050e8b"
        },
        {
          "type": "icon",
          "assetId": "FkQiAwWJtN2i",
          "checksum": "23878a5d2854db2c10d09e98c371d5de"
        },
        {
          "type": "icon",
          "assetId": "HuxtV9vRFLhq",
          "checksum": "19bed0e21b9c00917eb6d5ae093d0f9f"
        },
        {
          "type": "icon",
          "assetId": "una6cYu9eGPt",
          "checksum": "91e706a7c2ad3c6eb84d7eb56471681a"
        },
        {
          "type": "icon",
          "assetId": "8FjrKP2CTIXm",
          "checksum": "027844fd5a0e623bb1b451e0df707783"
        },
        {
          "type": "icon",
          "assetId": "Njq7Nbjds8eW",
          "checksum": "50d5bd7b9d52e8ece18f5ab6c93624b1"
        },
        {
          "type": "icon",
          "assetId": "cD8pbIid7Rh-",
          "checksum": "e40cdd867f27dd1c53a71ae3eea161a2"
        },
        {
          "type": "icon",
          "assetId": "q9Sh3ZeAVlsZ",
          "checksum": "9c90ff519469dd5ff874722d7dda3f2d"
        },
        {
          "type": "icon",
          "assetId": "OBLrHdlk3Kno",
          "checksum": "18e02bf1bdcc48c8aa565a95bce84a9f"
        },
        {
          "type": "icon",
          "assetId": "sPpjVMXLxkg6",
          "checksum": "5393069730306ad132b2b67b86403bfc"
        },
        {
          "type": "icon",
          "assetId": "nkPU5o-flthE",
          "checksum": "3a41f2629ff2d963a24e8803cab91c70"
        },
        {
          "type": "icon",
          "assetId": "WGk2WycioW8T",
          "checksum": "67cc12e792194ae4c43fb490c73f158e"
        },
        {
          "type": "icon",
          "assetId": "6gwtn6ebVbnz",
          "checksum": "4c99231ed162f395fc6624c986f0df6d"
        },
        {
          "type": "icon",
          "assetId": "55fAUvSpBiba",
          "checksum": "651cdcef424fee5dbb7ff9e74b705e36"
        },
        {
          "type": "icon",
          "assetId": "YD4YzjuVEb7_",
          "checksum": "2c8bcdda8a8b87d0e38d61254fba6922"
        },
        {
          "type": "icon",
          "assetId": "3RDgosQL0atO",
          "checksum": "16032eb699bde6f85158eef51bbaef02"
        },
        {
          "type": "icon",
          "assetId": "oIoAtmih06sL",
          "checksum": "1f5b0990be33f0d47a1cb0f21788842e"
        },
        {
          "type": "icon",
          "assetId": "PBuTz8azmpWO",
          "checksum": "ec6bba7e7d4243311f28ff4641271247"
        },
        {
          "type": "icon",
          "assetId": "Mt5KOySFDT22",
          "checksum": "861c5dfcd693e1cfe2b543d095f73291"
        },
        {
          "type": "icon",
          "assetId": "DrCMysTtKfMm",
          "checksum": "37b1d996980ce9d0184e2016683ca59c"
        },
        {
          "type": "icon",
          "assetId": "udynwHm0S3r8",
          "checksum": "546d1c30d10d4dc742e68d5bcc5a6e6d"
        },
        {
          "type": "icon",
          "assetId": "cMrv_WveJmMP",
          "checksum": "85768bffa9b5e9e368777b17f2315ad1"
        },
        {
          "type": "icon",
          "assetId": "W6oixRWCrp9h",
          "checksum": "a898d96846b1ac07667de335229b6d71"
        },
        {
          "type": "icon",
          "assetId": "BKdwVE9CoTra",
          "checksum": "b8557251a44ce6b083a2d4f9cbb19d6b"
        },
        {
          "type": "image",
          "assetId": "uycShD4tIw3d",
          "checksum": "9d7f96e54f6d4d5db397bbe32bc00f57"
        },
        {
          "type": "image",
          "assetId": "a6LhCZ_HELH3",
          "checksum": "9542f823bfc295e3100b4f4bda1cc208"
        },
        {
          "type": "image",
          "assetId": "_8bYQc1MVZgy",
          "checksum": "f957611e0a78c5e4018967d3e7a5c474"
        },
        {
          "assetId": "5nPYJMkHKsudqrrya3SLGq",
          "type": "projectCss",
          "checksum": "edd127b90cf004362ea368fd3ac078b0"
        },
        {
          "type": "renderModule",
          "assetId": "fGNBuRZSQyEi",
          "checksum": "53fa636b78bd2281f27ab21cc23c970b"
        },
        {
          "type": "cssRules",
          "assetId": "fGNBuRZSQyEi",
          "checksum": "53fa636b78bd2281f27ab21cc23c970b"
        },
        {
          "type": "renderModule",
          "assetId": "hGFiaPJ3TZ_p",
          "checksum": "3e0c76116521adb09b031039927c49cb"
        },
        {
          "type": "cssRules",
          "assetId": "hGFiaPJ3TZ_p",
          "checksum": "3e0c76116521adb09b031039927c49cb"
        },
        {
          "type": "icon",
          "assetId": "L1X9CaHpNz_8",
          "checksum": "cb18d834e050f55074fba14b2c8f5a20"
        },
        {
          "type": "icon",
          "assetId": "Oid9fhxcpHn2",
          "checksum": "e3b8e90e602abd1103bcc7a84917d619"
        },
        {
          "type": "icon",
          "assetId": "atNgaTwxLJjU",
          "checksum": "49932299858e6700a8ce45d1612b476e"
        },
        {
          "type": "icon",
          "assetId": "bwS9QvXUGoWK",
          "checksum": "9ce62bc43b883488fd8655059fbbf714"
        },
        {
          "type": "icon",
          "assetId": "uT9RAlRP-tII",
          "checksum": "bb7146af3218536f9a44d862acb0d17d"
        }
      ],
      "codegenVersion": "0.0.1"
    },
    {
      "projectId": "okr6zFws8g9BFEw4Fons9x",
      "version": "latest",
      "dependencies": {
        "ohDidvG9XsCeFumugENU3J": "6.24.0",
        "jkU633o1Cz7HrJdwdxhVHk": "16.10.0",
        "9Vr5YWkf3w7jj6SsTcCEta": "0.10.0",
        "5nPYJMkHKsudqrrya3SLGq": "21.3.0",
        "5dGW8Awro3qq8Hh5MveXLP": "1.24.0",
        "kS7YGZfVr6mU43XDQjXELc": "0.15.0",
        "YUiM7yqBWAqsh8KSnrdj7": "0.29.0",
        "sqPBLwEBBKHA2WDuGb17eV": "0.12.0"
      },
      "lang": "ts",
      "fileLocks": [
        {
          "type": "globalVariant",
          "assetId": "asqvxJWdCYSA",
          "checksum": "611d8b0a71412ddc7611228bbc4640dd"
        },
        {
          "assetId": "okr6zFws8g9BFEw4Fons9x",
          "checksum": "d5c318b60405a7029cc2a7f6c6a9b2da",
          "type": "globalContexts"
        },
        {
          "type": "renderModule",
          "assetId": "YiC5r609TqU0",
          "checksum": "0f2c99aebd2ab8e503c062690782278a"
        },
        {
          "type": "cssRules",
          "assetId": "YiC5r609TqU0",
          "checksum": "0f2c99aebd2ab8e503c062690782278a"
        },
        {
          "type": "renderModule",
          "assetId": "m1qkdvgUesq9",
          "checksum": "903997b90d318a96a45654d326fe9687"
        },
        {
          "type": "cssRules",
          "assetId": "m1qkdvgUesq9",
          "checksum": "903997b90d318a96a45654d326fe9687"
        },
        {
          "type": "renderModule",
          "assetId": "bIEem4FIL1oz",
          "checksum": "8b3592777b72c2784555cf452827e8ff"
        },
        {
          "type": "cssRules",
          "assetId": "bIEem4FIL1oz",
          "checksum": "8b3592777b72c2784555cf452827e8ff"
        },
        {
          "type": "renderModule",
          "assetId": "zdymZc8lM6F1",
          "checksum": "fbcc493b259311b01db9b4761e35cc19"
        },
        {
          "type": "cssRules",
          "assetId": "zdymZc8lM6F1",
          "checksum": "fbcc493b259311b01db9b4761e35cc19"
        },
        {
          "type": "icon",
          "assetId": "XwvtGk8FnYlu",
          "checksum": "27c859b3d904464612f49f30ce9c839c"
        },
        {
          "type": "icon",
          "assetId": "pBjAm0eNLyGD",
          "checksum": "e8e0f12cb9d31013955bd95876ac12ad"
        },
        {
          "type": "image",
          "assetId": "G_v_bHiLnK7c",
          "checksum": "f1d28c4e453fd3ef3953082fad5c5bde"
        },
        {
          "type": "image",
          "assetId": "2n52TILveFQJ",
          "checksum": "e25806c5a9b8da4f991377f02551cf8c"
        },
        {
          "type": "icon",
          "assetId": "SFeS72gIbT5c",
          "checksum": "b4c9cfd14ee3b5c84727f29cee8b69b9"
        },
        {
          "type": "icon",
          "assetId": "4AydMUbhdYuY",
          "checksum": "0b0797c15aaba60637473ce80a57f8f8"
        },
        {
          "assetId": "okr6zFws8g9BFEw4Fons9x",
          "type": "projectCss",
          "checksum": "ce3f6c7b253b441553a43cd0453355fb"
        }
      ],
      "codegenVersion": "0.0.1"
    },
    {
      "projectId": "YUiM7yqBWAqsh8KSnrdj7",
      "version": "0.29.0",
      "dependencies": {},
      "lang": "ts",
      "fileLocks": [
        {
          "assetId": "YUiM7yqBWAqsh8KSnrdj7",
          "type": "projectCss",
          "checksum": "dac72600b04b6e6a3014e82512a15fe1"
        }
      ],
      "codegenVersion": "0.0.1"
    },
    {
      "projectId": "sqPBLwEBBKHA2WDuGb17eV",
      "version": "0.12.0",
      "dependencies": {},
      "lang": "ts",
      "fileLocks": [
        {
          "assetId": "sqPBLwEBBKHA2WDuGb17eV",
          "type": "projectCss",
          "checksum": "e1ec850476829c38b0f9b6d4f7ac446a"
        },
        {
          "type": "renderModule",
          "assetId": "5nirPCGmCnRD",
          "checksum": "6dfce6e009ab54e882e11f422c08b611"
        },
        {
          "type": "cssRules",
          "assetId": "5nirPCGmCnRD",
          "checksum": "6dfce6e009ab54e882e11f422c08b611"
        },
        {
          "type": "icon",
          "assetId": "Wyt3GMMsLefj",
          "checksum": "d8c88f04735c43b3f7790b0889d20e0c"
        },
        {
          "type": "icon",
          "assetId": "MbDRsJU0e3bw",
          "checksum": "92672aa6935120ebaac11939d8d127bb"
        }
      ],
      "codegenVersion": "0.0.1"
    }
  ],
  "cliVersion": "0.1.330"
}
